Microsoft Visual Studio Solution File, Format Version 12.00
# Visual Studio Version 17
VisualStudioVersion = 17.0.31903.59
MinimumVisualStudioVersion = 10.0.40219.1
Project("{FAE04EC0-301F-11D3-BF4B-00C04F79EFBC}") = "LanInspector.Core", "src\LanInspector.Core\LanInspector.Core.csproj", "{50D7A7D9-EE33-4D96-9D2F-C17A0F28A65F}"
EndProject
Project("{FAE04EC0-301F-11D3-BF4B-00C04F79EFBC}") = "LanInspector.UI", "src\LanInspector.UI\LanInspector.UI.csproj", "{AE83D86E-5B37-4E93-BB45-946A52E86E92}"
EndProject
Global
	GlobalSection(SolutionConfigurationPlatforms) = preSolution
		Debug|Any CPU = Debug|Any CPU
		Release|Any CPU = Release|Any CPU
	EndGlobalSection
	GlobalSection(ProjectConfigurationPlatforms) = postSolution
		{50D7A7D9-EE33-4D96-9D2F-C17A0F28A65F}.Debug|Any CPU.ActiveCfg = Debug|Any CPU
		{50D7A7D9-EE33-4D96-9D2F-C17A0F28A65F}.Debug|Any CPU.Build.0 = Debug|Any CPU
		{50D7A7D9-EE33-4D96-9D2F-C17A0F28A65F}.Release|Any CPU.ActiveCfg = Release|Any CPU
		{50D7A7D9-EE33-4D96-9D2F-C17A0F28A65F}.Release|Any CPU.Build.0 = Release|Any CPU
		{AE83D86E-5B37-4E93-BB45-946A52E86E92}.Debug|Any CPU.ActiveCfg = Debug|Any CPU
		{AE83D86E-5B37-4E93-BB45-946A52E86E92}.Debug|Any CPU.Build.0 = Debug|Any CPU
		{AE83D86E-5B37-4E93-BB45-946A52E86E92}.Release|Any CPU.ActiveCfg = Release|Any CPU
		{AE83D86E-5B37-4E93-BB45-946A52E86E92}.Release|Any CPU.Build.0 = Release|Any CPU
	EndGlobalSection
	GlobalSection(SolutionProperties) = preSolution
		HideSolutionNode = FALSE
	EndGlobalSection
EndGlobal
